
Microsoft Visual Studio Solution File, Format Version 12.00
# Visual Studio 15
VisualStudioVersion = 15.0.26730.8
MinimumVisualStudioVersion = 10.0.40219.1
Project("{9A19103F-16F7-4668-BE54-9A1E7A4F7556}") = "Microsoft.Azure.DataLake.Store", "AdlsDotNetSDK\Microsoft.Azure.DataLake.Store.csproj", "{563744B4-4365-4AF5-B99B-73BC69F3A105}"
EndProject
Project("{9A19103F-16F7-4668-BE54-9A1E7A4F7556}") = "Microsoft.Azure.DataLake.Store.UnitTest", "AdlsDotNetSDKUnitTest\Microsoft.Azure.DataLake.Store.UnitTest.csproj", "{9075A922-E5D9-4046-B9A4-5C3C1C89EFBF}"
EndProject
Project("{9A19103F-16F7-4668-BE54-9A1E7A4F7556}") = "MockServer", "MockServer\MockServer.csproj", "{1300BC51-B06B-4405-A934-2782A2BFDAD6}"
EndProject
Project("{FAE04EC0-301F-11D3-BF4B-00C04F79EFBC}") = "TestDataCreator", "TestDataCreator\TestDataCreator.csproj", "{8FE461F9-3D39-4D31-9767-7C432AB7E57D}"
EndProject
Global
	GlobalSection(SolutionConfigurationPlatforms) = preSolution
		Debug|Any CPU = Debug|Any CPU
		Release|Any CPU = Release|Any CPU
	EndGlobalSection
	GlobalSection(ProjectConfigurationPlatforms) = postSolution
		{563744B4-4365-4AF5-B99B-73BC69F3A105}.Debug|Any CPU.ActiveCfg = Debug|Any CPU
		{563744B4-4365-4AF5-B99B-73BC69F3A105}.Debug|Any CPU.Build.0 = Debug|Any CPU
		{563744B4-4365-4AF5-B99B-73BC69F3A105}.Release|Any CPU.ActiveCfg = Release|Any CPU
		{563744B4-4365-4AF5-B99B-73BC69F3A105}.Release|Any CPU.Build.0 = Release|Any CPU
		{9075A922-E5D9-4046-B9A4-5C3C1C89EFBF}.Debug|Any CPU.ActiveCfg = Debug|Any CPU
		{9075A922-E5D9-4046-B9A4-5C3C1C89EFBF}.Debug|Any CPU.Build.0 = Debug|Any CPU
		{9075A922-E5D9-4046-B9A4-5C3C1C89EFBF}.Release|Any CPU.ActiveCfg = Release|Any CPU
		{9075A922-E5D9-4046-B9A4-5C3C1C89EFBF}.Release|Any CPU.Build.0 = Release|Any CPU
		{1300BC51-B06B-4405-A934-2782A2BFDAD6}.Debug|Any CPU.ActiveCfg = Debug|Any CPU
		{1300BC51-B06B-4405-A934-2782A2BFDAD6}.Debug|Any CPU.Build.0 = Debug|Any CPU
		{1300BC51-B06B-4405-A934-2782A2BFDAD6}.Release|Any CPU.ActiveCfg = Release|Any CPU
		{1300BC51-B06B-4405-A934-2782A2BFDAD6}.Release|Any CPU.Build.0 = Release|Any CPU
		{8FE461F9-3D39-4D31-9767-7C432AB7E57D}.Debug|Any CPU.ActiveCfg = Debug|Any CPU
		{8FE461F9-3D39-4D31-9767-7C432AB7E57D}.Debug|Any CPU.Build.0 = Debug|Any CPU
		{8FE461F9-3D39-4D31-9767-7C432AB7E57D}.Release|Any CPU.ActiveCfg = Release|Any CPU
		{8FE461F9-3D39-4D31-9767-7C432AB7E57D}.Release|Any CPU.Build.0 = Release|Any CPU
	EndGlobalSection
	GlobalSection(SolutionProperties) = preSolution
		HideSolutionNode = FALSE
	EndGlobalSection
	GlobalSection(ExtensibilityGlobals) = postSolution
		SolutionGuid = {B1786545-BC07-458B-B27E-919CFEBF4EBD}
	EndGlobalSection
EndGlobal
